{
    "_readme": [
        "This file locks the dependencies of your project to a known state",
        "Read more about it at https://getcomposer.org/doc/01-basic-usage.md#installing-dependencies",
        "This file is @generated automatically"
    ],
    "content-hash": "d7015edeceadc5c6e1f879168858f021",
    "packages": [
        {
            "name": "automattic/jetpack-logo",
            "version": "1.0.0",
            "dist": {
                "type": "path",
                "url": "../../../../../packages/logo",
                "reference": "b9ada94a1527c54a2daa3c3b7695a6f95e5a9715",
                "shasum": null
            },
            "type": "library",
            "autoload": {
                "psr-4": {
                    "Jetpack\\Assets\\": "src/"
                }
            },
            "license": [
                "GPL-2.0-or-later"
            ],
            "description": "A logo for Jetpack",
            "transport-options": {
                "symlink": true
            }
        }
    ],
    "packages-dev": [],
    "aliases": [],
    "minimum-stability": "stable",
    "stability-flags": [],
    "prefer-stable": false,
    "prefer-lowest": false,
    "platform": [],
    "platform-dev": []
}
